
Microsoft Visual Studio Solution File, Format Version 12.00
# Visual Studio 2013
VisualStudioVersion = 12.0.30501.0
MinimumVisualStudioVersion = 10.0.40219.1
Project("{8BC9CEB8-8B4A-11D0-8D11-00A0C91BC942}") = "base", "base\base.vcxproj", "{C0F9106D-3DFC-46D3-A1ED-35601EAF6FC9}"
EndProject
Project("{8BC9CEB8-8B4A-11D0-8D11-00A0C91BC942}") = "attach_ime", "attach_ime\attach_ime.vcxproj", "{ADBFB12F-BABB-4DA7-ACFC-2603DE3EED27}"
	ProjectSection(ProjectDependencies) = postProject
		{C0F9106D-3DFC-46D3-A1ED-35601EAF6FC9} = {C0F9106D-3DFC-46D3-A1ED-35601EAF6FC9}
	EndProjectSection
EndProject
Project("{8BC9CEB8-8B4A-11D0-8D11-00A0C91BC942}") = "dm", "dm\dm.vcxproj", "{9BFEC454-E19D-4D62-8C23-686D4A109FA3}"
	ProjectSection(ProjectDependencies) = postProject
		{FB0ACD0B-E1DF-4483-818C-996E6C6D2D23} = {FB0ACD0B-E1DF-4483-818C-996E6C6D2D23}
	EndProjectSection
EndProject
Project("{8BC9CEB8-8B4A-11D0-8D11-00A0C91BC942}") = "common", "common\common.vcxproj", "{FB0ACD0B-E1DF-4483-818C-996E6C6D2D23}"
	ProjectSection(ProjectDependencies) = postProject
		{C0F9106D-3DFC-46D3-A1ED-35601EAF6FC9} = {C0F9106D-3DFC-46D3-A1ED-35601EAF6FC9}
	EndProjectSection
EndProject
Project("{8BC9CEB8-8B4A-11D0-8D11-00A0C91BC942}") = "world", "world\world.vcxproj", "{E2CBF285-1007-4BE2-9E93-4B7DD5E8B9AF}"
	ProjectSection(ProjectDependencies) = postProject
		{ADBFB12F-BABB-4DA7-ACFC-2603DE3EED27} = {ADBFB12F-BABB-4DA7-ACFC-2603DE3EED27}
		{9BFEC454-E19D-4D62-8C23-686D4A109FA3} = {9BFEC454-E19D-4D62-8C23-686D4A109FA3}
	EndProjectSection
EndProject
Project("{8BC9CEB8-8B4A-11D0-8D11-00A0C91BC942}") = "map", "map\map.vcxproj", "{E304CDF3-8323-43A9-8876-42B83449CAFE}"
	ProjectSection(ProjectDependencies) = postProject
		{E2CBF285-1007-4BE2-9E93-4B7DD5E8B9AF} = {E2CBF285-1007-4BE2-9E93-4B7DD5E8B9AF}
	EndProjectSection
EndProject
Project("{8BC9CEB8-8B4A-11D0-8D11-00A0C91BC942}") = "dungeon", "dungeon\dungeon.vcxproj", "{E5757EDB-398C-44E4-B35D-B01970DA0FCB}"
	ProjectSection(ProjectDependencies) = postProject
		{E2CBF285-1007-4BE2-9E93-4B7DD5E8B9AF} = {E2CBF285-1007-4BE2-9E93-4B7DD5E8B9AF}
		{E304CDF3-8323-43A9-8876-42B83449CAFE} = {E304CDF3-8323-43A9-8876-42B83449CAFE}
	EndProjectSection
EndProject
Project("{8BC9CEB8-8B4A-11D0-8D11-00A0C91BC942}") = "game", "game\game.vcxproj", "{12DCCFE8-2B1F-4B76-A090-DC9AC746F6E3}"
	ProjectSection(ProjectDependencies) = postProject
		{E5757EDB-398C-44E4-B35D-B01970DA0FCB} = {E5757EDB-398C-44E4-B35D-B01970DA0FCB}
	EndProjectSection
EndProject
Project("{8BC9CEB8-8B4A-11D0-8D11-00A0C91BC942}") = "_Test_Game", "_Test_Game\_Test_Game.vcxproj", "{91FA6D58-691C-4BD6-8C55-522D052E4360}"
	ProjectSection(ProjectDependencies) = postProject
		{12DCCFE8-2B1F-4B76-A090-DC9AC746F6E3} = {12DCCFE8-2B1F-4B76-A090-DC9AC746F6E3}
	EndProjectSection
EndProject
Project("{8BC9CEB8-8B4A-11D0-8D11-00A0C91BC942}") = "_Test_Dungeon", "_Test_Dungeon\_Test_Dungeon.vcxproj", "{845632C8-DB4A-436E-A4E4-00D14DAE4219}"
	ProjectSection(ProjectDependencies) = postProject
		{E5757EDB-398C-44E4-B35D-B01970DA0FCB} = {E5757EDB-398C-44E4-B35D-B01970DA0FCB}
	EndProjectSection
EndProject
Project("{8BC9CEB8-8B4A-11D0-8D11-00A0C91BC942}") = "_Test_AttachIme", "_Test_AttachIme\Test_AttachIme.vcxproj", "{D812CCED-FCF6-47EB-97A0-ED5043DAFDEA}"
	ProjectSection(ProjectDependencies) = postProject
		{ADBFB12F-BABB-4DA7-ACFC-2603DE3EED27} = {ADBFB12F-BABB-4DA7-ACFC-2603DE3EED27}
	EndProjectSection
EndProject
Project("{8BC9CEB8-8B4A-11D0-8D11-00A0C91BC942}") = "_Test_Common", "_Test_Common\Test_Common.vcxproj", "{A918CB42-B216-45EA-B44A-57F77A921F4F}"
	ProjectSection(ProjectDependencies) = postProject
		{FB0ACD0B-E1DF-4483-818C-996E6C6D2D23} = {FB0ACD0B-E1DF-4483-818C-996E6C6D2D23}
	EndProjectSection
EndProject
Project("{8BC9CEB8-8B4A-11D0-8D11-00A0C91BC942}") = "_Test_DM", "_Test_DM\Test_DM.vcxproj", "{91B6BD6B-3DD3-48D2-B364-9B556A154396}"
	ProjectSection(ProjectDependencies) = postProject
		{9BFEC454-E19D-4D62-8C23-686D4A109FA3} = {9BFEC454-E19D-4D62-8C23-686D4A109FA3}
	EndProjectSection
EndProject
Project("{8BC9CEB8-8B4A-11D0-8D11-00A0C91BC942}") = "_Test_Display_Pos", "_Test_Display_Pos\_Test_Display_Pos.vcxproj", "{75D79EE0-393C-4FB6-A30F-BC343B485B89}"
	ProjectSection(ProjectDependencies) = postProject
		{E2CBF285-1007-4BE2-9E93-4B7DD5E8B9AF} = {E2CBF285-1007-4BE2-9E93-4B7DD5E8B9AF}
	EndProjectSection
EndProject
Project("{8BC9CEB8-8B4A-11D0-8D11-00A0C91BC942}") = "imesample", "imesample\imesample.vcxproj", "{9D9104EF-7A7E-601A-CB45-9FE1B06E4030}"
	ProjectSection(ProjectDependencies) = postProject
		{E56B151F-200D-4360-AB82-90195584E5B9} = {E56B151F-200D-4360-AB82-90195584E5B9}
	EndProjectSection
EndProject
Project("{8BC9CEB8-8B4A-11D0-8D11-00A0C91BC942}") = "login", "login\login.vcxproj", "{D7262803-4DAB-42DB-90C2-8C2FDD5A6AA3}"
	ProjectSection(ProjectDependencies) = postProject
		{9BFEC454-E19D-4D62-8C23-686D4A109FA3} = {9BFEC454-E19D-4D62-8C23-686D4A109FA3}
	EndProjectSection
EndProject
Project("{8BC9CEB8-8B4A-11D0-8D11-00A0C91BC942}") = "_Test_Login", "_Test_Login\_Test_Login.vcxproj", "{4DB40DB4-40A8-4E74-A9FC-53FC06BFCA09}"
EndProject
Project("{8BC9CEB8-8B4A-11D0-8D11-00A0C91BC942}") = "_Test_Stuff", "_Test_Stuff\_Test_Stuff.vcxproj", "{25CAE9D8-871C-4E6B-9279-7945CD76C55D}"
	ProjectSection(ProjectDependencies) = postProject
		{12DCCFE8-2B1F-4B76-A090-DC9AC746F6E3} = {12DCCFE8-2B1F-4B76-A090-DC9AC746F6E3}
	EndProjectSection
EndProject
Project("{8BC9CEB8-8B4A-11D0-8D11-00A0C91BC942}") = "dnf2", "dnf2\dnf2.vcxproj", "{97AC26BF-3259-408B-AE18-252CE01F7B8A}"
	ProjectSection(ProjectDependencies) = postProject
		{D7262803-4DAB-42DB-90C2-8C2FDD5A6AA3} = {D7262803-4DAB-42DB-90C2-8C2FDD5A6AA3}
		{12DCCFE8-2B1F-4B76-A090-DC9AC746F6E3} = {12DCCFE8-2B1F-4B76-A090-DC9AC746F6E3}
	EndProjectSection
EndProject
Project("{8BC9CEB8-8B4A-11D0-8D11-00A0C91BC942}") = "_Test_Key", "_Test_Key\_Test_Key.vcxproj", "{A4D6BF8B-5110-4CD2-A859-66D9305943D1}"
	ProjectSection(ProjectDependencies) = postProject
		{E2CBF285-1007-4BE2-9E93-4B7DD5E8B9AF} = {E2CBF285-1007-4BE2-9E93-4B7DD5E8B9AF}
	EndProjectSection
EndProject
Project("{8BC9CEB8-8B4A-11D0-8D11-00A0C91BC942}") = "dnf2_no_login", "dnf2_no_login\dnf2_no_login.vcxproj", "{73B1F519-F89B-4C62-8678-BAE7F0B46021}"
	ProjectSection(ProjectDependencies) = postProject
		{12DCCFE8-2B1F-4B76-A090-DC9AC746F6E3} = {12DCCFE8-2B1F-4B76-A090-DC9AC746F6E3}
	EndProjectSection
EndProject
Project("{8BC9CEB8-8B4A-11D0-8D11-00A0C91BC942}") = "_Test_Dll_Shell", "_Test_Dll_Shell\_Test_Dll_Shell.vcxproj", "{7C6EC3BC-B8BE-4D3B-9B51-5556F12FF26E}"
	ProjectSection(ProjectDependencies) = postProject
		{A87D358D-5336-4E44-9307-A45703A092EA} = {A87D358D-5336-4E44-9307-A45703A092EA}
	EndProjectSection
EndProject
Project("{8BC9CEB8-8B4A-11D0-8D11-00A0C91BC942}") = "_Test_Dll", "_Test_Dll\_Test_Dll.vcxproj", "{A87D358D-5336-4E44-9307-A45703A092EA}"
EndProject
Project("{8BC9CEB8-8B4A-11D0-8D11-00A0C91BC942}") = "record_room", "record_room\record_room.vcxproj", "{D679B4DE-07B1-4A30-81AA-FEDEBA8DD865}"
	ProjectSection(ProjectDependencies) = postProject
		{E304CDF3-8323-43A9-8876-42B83449CAFE} = {E304CDF3-8323-43A9-8876-42B83449CAFE}
	EndProjectSection
EndProject
Project("{8BC9CEB8-8B4A-11D0-8D11-00A0C91BC942}") = "record_map", "record_map\record_map.vcxproj", "{3C4DA224-B225-4AD6-B39C-EE72E28D3910}"
	ProjectSection(ProjectDependencies) = postProject
		{E304CDF3-8323-43A9-8876-42B83449CAFE} = {E304CDF3-8323-43A9-8876-42B83449CAFE}
	EndProjectSection
EndProject
Project("{8BC9CEB8-8B4A-11D0-8D11-00A0C91BC942}") = "random_ime", "random_ime\random_ime.vcxproj", "{E56B151F-200D-4360-AB82-90195584E5B9}"
EndProject
Project("{2150E333-8FDC-42A3-9474-1A3956D46DE8}") = "Test", "Test", "{33CE6AEF-EDE0-47E0-8986-DD74B1E7442E}"
EndProject
Project("{8BC9CEB8-8B4A-11D0-8D11-00A0C91BC942}") = "守护程序", "..\守护程序\守护程序.vcxproj", "{62F828C9-6333-4A07-8D70-177744C664CB}"
EndProject
Global
	GlobalSection(SolutionConfigurationPlatforms) = preSolution
		Debug|Win32 = Debug|Win32
		Release|Win32 = Release|Win32
	EndGlobalSection
	GlobalSection(ProjectConfigurationPlatforms) = postSolution
		{C0F9106D-3DFC-46D3-A1ED-35601EAF6FC9}.Debug|Win32.ActiveCfg = Debug|Win32
		{C0F9106D-3DFC-46D3-A1ED-35601EAF6FC9}.Debug|Win32.Build.0 = Debug|Win32
		{C0F9106D-3DFC-46D3-A1ED-35601EAF6FC9}.Release|Win32.ActiveCfg = Release|Win32
		{C0F9106D-3DFC-46D3-A1ED-35601EAF6FC9}.Release|Win32.Build.0 = Release|Win32
		{ADBFB12F-BABB-4DA7-ACFC-2603DE3EED27}.Debug|Win32.ActiveCfg = Debug|Win32
		{ADBFB12F-BABB-4DA7-ACFC-2603DE3EED27}.Debug|Win32.Build.0 = Debug|Win32
		{ADBFB12F-BABB-4DA7-ACFC-2603DE3EED27}.Release|Win32.ActiveCfg = Release|Win32
		{ADBFB12F-BABB-4DA7-ACFC-2603DE3EED27}.Release|Win32.Build.0 = Release|Win32
		{9BFEC454-E19D-4D62-8C23-686D4A109FA3}.Debug|Win32.ActiveCfg = Debug|Win32
		{9BFEC454-E19D-4D62-8C23-686D4A109FA3}.Debug|Win32.Build.0 = Debug|Win32
		{9BFEC454-E19D-4D62-8C23-686D4A109FA3}.Release|Win32.ActiveCfg = Release|Win32
		{9BFEC454-E19D-4D62-8C23-686D4A109FA3}.Release|Win32.Build.0 = Release|Win32
		{FB0ACD0B-E1DF-4483-818C-996E6C6D2D23}.Debug|Win32.ActiveCfg = Debug|Win32
		{FB0ACD0B-E1DF-4483-818C-996E6C6D2D23}.Debug|Win32.Build.0 = Debug|Win32
		{FB0ACD0B-E1DF-4483-818C-996E6C6D2D23}.Release|Win32.ActiveCfg = Release|Win32
		{FB0ACD0B-E1DF-4483-818C-996E6C6D2D23}.Release|Win32.Build.0 = Release|Win32
		{E2CBF285-1007-4BE2-9E93-4B7DD5E8B9AF}.Debug|Win32.ActiveCfg = Debug|Win32
		{E2CBF285-1007-4BE2-9E93-4B7DD5E8B9AF}.Debug|Win32.Build.0 = Debug|Win32
		{E2CBF285-1007-4BE2-9E93-4B7DD5E8B9AF}.Release|Win32.ActiveCfg = Release|Win32
		{E2CBF285-1007-4BE2-9E93-4B7DD5E8B9AF}.Release|Win32.Build.0 = Release|Win32
		{E304CDF3-8323-43A9-8876-42B83449CAFE}.Debug|Win32.ActiveCfg = Debug|Win32
		{E304CDF3-8323-43A9-8876-42B83449CAFE}.Debug|Win32.Build.0 = Debug|Win32
		{E304CDF3-8323-43A9-8876-42B83449CAFE}.Release|Win32.ActiveCfg = Release|Win32
		{E304CDF3-8323-43A9-8876-42B83449CAFE}.Release|Win32.Build.0 = Release|Win32
		{E5757EDB-398C-44E4-B35D-B01970DA0FCB}.Debug|Win32.ActiveCfg = Debug|Win32
		{E5757EDB-398C-44E4-B35D-B01970DA0FCB}.Debug|Win32.Build.0 = Debug|Win32
		{E5757EDB-398C-44E4-B35D-B01970DA0FCB}.Release|Win32.ActiveCfg = Release|Win32
		{E5757EDB-398C-44E4-B35D-B01970DA0FCB}.Release|Win32.Build.0 = Release|Win32
		{12DCCFE8-2B1F-4B76-A090-DC9AC746F6E3}.Debug|Win32.ActiveCfg = Debug|Win32
		{12DCCFE8-2B1F-4B76-A090-DC9AC746F6E3}.Debug|Win32.Build.0 = Debug|Win32
		{12DCCFE8-2B1F-4B76-A090-DC9AC746F6E3}.Release|Win32.ActiveCfg = Release|Win32
		{12DCCFE8-2B1F-4B76-A090-DC9AC746F6E3}.Release|Win32.Build.0 = Release|Win32
		{91FA6D58-691C-4BD6-8C55-522D052E4360}.Debug|Win32.ActiveCfg = Debug|Win32
		{91FA6D58-691C-4BD6-8C55-522D052E4360}.Debug|Win32.Build.0 = Debug|Win32
		{91FA6D58-691C-4BD6-8C55-522D052E4360}.Release|Win32.ActiveCfg = Release|Win32
		{91FA6D58-691C-4BD6-8C55-522D052E4360}.Release|Win32.Build.0 = Release|Win32
		{845632C8-DB4A-436E-A4E4-00D14DAE4219}.Debug|Win32.ActiveCfg = Debug|Win32
		{845632C8-DB4A-436E-A4E4-00D14DAE4219}.Debug|Win32.Build.0 = Debug|Win32
		{845632C8-DB4A-436E-A4E4-00D14DAE4219}.Release|Win32.ActiveCfg = Release|Win32
		{845632C8-DB4A-436E-A4E4-00D14DAE4219}.Release|Win32.Build.0 = Release|Win32
		{D812CCED-FCF6-47EB-97A0-ED5043DAFDEA}.Debug|Win32.ActiveCfg = Debug|Win32
		{D812CCED-FCF6-47EB-97A0-ED5043DAFDEA}.Debug|Win32.Build.0 = Debug|Win32
		{D812CCED-FCF6-47EB-97A0-ED5043DAFDEA}.Release|Win32.ActiveCfg = Release|Win32
		{D812CCED-FCF6-47EB-97A0-ED5043DAFDEA}.Release|Win32.Build.0 = Release|Win32
		{A918CB42-B216-45EA-B44A-57F77A921F4F}.Debug|Win32.ActiveCfg = Debug|Win32
		{A918CB42-B216-45EA-B44A-57F77A921F4F}.Debug|Win32.Build.0 = Debug|Win32
		{A918CB42-B216-45EA-B44A-57F77A921F4F}.Release|Win32.ActiveCfg = Release|Win32
		{A918CB42-B216-45EA-B44A-57F77A921F4F}.Release|Win32.Build.0 = Release|Win32
		{91B6BD6B-3DD3-48D2-B364-9B556A154396}.Debug|Win32.ActiveCfg = Debug|Win32
		{91B6BD6B-3DD3-48D2-B364-9B556A154396}.Debug|Win32.Build.0 = Debug|Win32
		{91B6BD6B-3DD3-48D2-B364-9B556A154396}.Release|Win32.ActiveCfg = Release|Win32
		{91B6BD6B-3DD3-48D2-B364-9B556A154396}.Release|Win32.Build.0 = Release|Win32
		{75D79EE0-393C-4FB6-A30F-BC343B485B89}.Debug|Win32.ActiveCfg = Debug|Win32
		{75D79EE0-393C-4FB6-A30F-BC343B485B89}.Debug|Win32.Build.0 = Debug|Win32
		{75D79EE0-393C-4FB6-A30F-BC343B485B89}.Release|Win32.ActiveCfg = Release|Win32
		{75D79EE0-393C-4FB6-A30F-BC343B485B89}.Release|Win32.Build.0 = Release|Win32
		{9D9104EF-7A7E-601A-CB45-9FE1B06E4030}.Debug|Win32.ActiveCfg = Debug|Win32
		{9D9104EF-7A7E-601A-CB45-9FE1B06E4030}.Debug|Win32.Build.0 = Debug|Win32
		{9D9104EF-7A7E-601A-CB45-9FE1B06E4030}.Release|Win32.ActiveCfg = Release|Win32
		{9D9104EF-7A7E-601A-CB45-9FE1B06E4030}.Release|Win32.Build.0 = Release|Win32
		{D7262803-4DAB-42DB-90C2-8C2FDD5A6AA3}.Debug|Win32.ActiveCfg = Debug|Win32
		{D7262803-4DAB-42DB-90C2-8C2FDD5A6AA3}.Debug|Win32.Build.0 = Debug|Win32
		{D7262803-4DAB-42DB-90C2-8C2FDD5A6AA3}.Release|Win32.ActiveCfg = Release|Win32
		{D7262803-4DAB-42DB-90C2-8C2FDD5A6AA3}.Release|Win32.Build.0 = Release|Win32
		{4DB40DB4-40A8-4E74-A9FC-53FC06BFCA09}.Debug|Win32.ActiveCfg = Debug|Win32
		{4DB40DB4-40A8-4E74-A9FC-53FC06BFCA09}.Debug|Win32.Build.0 = Debug|Win32
		{4DB40DB4-40A8-4E74-A9FC-53FC06BFCA09}.Release|Win32.ActiveCfg = Release|Win32
		{4DB40DB4-40A8-4E74-A9FC-53FC06BFCA09}.Release|Win32.Build.0 = Release|Win32
		{25CAE9D8-871C-4E6B-9279-7945CD76C55D}.Debug|Win32.ActiveCfg = Debug|Win32
		{25CAE9D8-871C-4E6B-9279-7945CD76C55D}.Debug|Win32.Build.0 = Debug|Win32
		{25CAE9D8-871C-4E6B-9279-7945CD76C55D}.Release|Win32.ActiveCfg = Release|Win32
		{25CAE9D8-871C-4E6B-9279-7945CD76C55D}.Release|Win32.Build.0 = Release|Win32
		{97AC26BF-3259-408B-AE18-252CE01F7B8A}.Debug|Win32.ActiveCfg = Debug|Win32
		{97AC26BF-3259-408B-AE18-252CE01F7B8A}.Debug|Win32.Build.0 = Debug|Win32
		{97AC26BF-3259-408B-AE18-252CE01F7B8A}.Release|Win32.ActiveCfg = Release|Win32
		{97AC26BF-3259-408B-AE18-252CE01F7B8A}.Release|Win32.Build.0 = Release|Win32
		{A4D6BF8B-5110-4CD2-A859-66D9305943D1}.Debug|Win32.ActiveCfg = Debug|Win32
		{A4D6BF8B-5110-4CD2-A859-66D9305943D1}.Debug|Win32.Build.0 = Debug|Win32
		{A4D6BF8B-5110-4CD2-A859-66D9305943D1}.Release|Win32.ActiveCfg = Release|Win32
		{A4D6BF8B-5110-4CD2-A859-66D9305943D1}.Release|Win32.Build.0 = Release|Win32
		{73B1F519-F89B-4C62-8678-BAE7F0B46021}.Debug|Win32.ActiveCfg = Debug|Win32
		{73B1F519-F89B-4C62-8678-BAE7F0B46021}.Debug|Win32.Build.0 = Debug|Win32
		{73B1F519-F89B-4C62-8678-BAE7F0B46021}.Release|Win32.ActiveCfg = Release|Win32
		{73B1F519-F89B-4C62-8678-BAE7F0B46021}.Release|Win32.Build.0 = Release|Win32
		{7C6EC3BC-B8BE-4D3B-9B51-5556F12FF26E}.Debug|Win32.ActiveCfg = Debug|Win32
		{7C6EC3BC-B8BE-4D3B-9B51-5556F12FF26E}.Debug|Win32.Build.0 = Debug|Win32
		{7C6EC3BC-B8BE-4D3B-9B51-5556F12FF26E}.Release|Win32.ActiveCfg = Release|Win32
		{7C6EC3BC-B8BE-4D3B-9B51-5556F12FF26E}.Release|Win32.Build.0 = Release|Win32
		{A87D358D-5336-4E44-9307-A45703A092EA}.Debug|Win32.ActiveCfg = Debug|Win32
		{A87D358D-5336-4E44-9307-A45703A092EA}.Debug|Win32.Build.0 = Debug|Win32
		{A87D358D-5336-4E44-9307-A45703A092EA}.Release|Win32.ActiveCfg = Release|Win32
		{A87D358D-5336-4E44-9307-A45703A092EA}.Release|Win32.Build.0 = Release|Win32
		{D679B4DE-07B1-4A30-81AA-FEDEBA8DD865}.Debug|Win32.ActiveCfg = Debug|Win32
		{D679B4DE-07B1-4A30-81AA-FEDEBA8DD865}.Debug|Win32.Build.0 = Debug|Win32
		{D679B4DE-07B1-4A30-81AA-FEDEBA8DD865}.Release|Win32.ActiveCfg = Release|Win32
		{D679B4DE-07B1-4A30-81AA-FEDEBA8DD865}.Release|Win32.Build.0 = Release|Win32
		{3C4DA224-B225-4AD6-B39C-EE72E28D3910}.Debug|Win32.ActiveCfg = Debug|Win32
		{3C4DA224-B225-4AD6-B39C-EE72E28D3910}.Debug|Win32.Build.0 = Debug|Win32
		{3C4DA224-B225-4AD6-B39C-EE72E28D3910}.Release|Win32.ActiveCfg = Release|Win32
		{3C4DA224-B225-4AD6-B39C-EE72E28D3910}.Release|Win32.Build.0 = Release|Win32
		{E56B151F-200D-4360-AB82-90195584E5B9}.Debug|Win32.ActiveCfg = Debug|Win32
		{E56B151F-200D-4360-AB82-90195584E5B9}.Debug|Win32.Build.0 = Debug|Win32
		{E56B151F-200D-4360-AB82-90195584E5B9}.Release|Win32.ActiveCfg = Release|Win32
		{E56B151F-200D-4360-AB82-90195584E5B9}.Release|Win32.Build.0 = Release|Win32
		{62F828C9-6333-4A07-8D70-177744C664CB}.Debug|Win32.ActiveCfg = Debug|Win32
		{62F828C9-6333-4A07-8D70-177744C664CB}.Debug|Win32.Build.0 = Debug|Win32
		{62F828C9-6333-4A07-8D70-177744C664CB}.Release|Win32.ActiveCfg = Release|Win32
		{62F828C9-6333-4A07-8D70-177744C664CB}.Release|Win32.Build.0 = Release|Win32
	EndGlobalSection
	GlobalSection(SolutionProperties) = preSolution
		HideSolutionNode = FALSE
	EndGlobalSection
	GlobalSection(NestedProjects) = preSolution
		{91FA6D58-691C-4BD6-8C55-522D052E4360} = {33CE6AEF-EDE0-47E0-8986-DD74B1E7442E}
		{845632C8-DB4A-436E-A4E4-00D14DAE4219} = {33CE6AEF-EDE0-47E0-8986-DD74B1E7442E}
		{D812CCED-FCF6-47EB-97A0-ED5043DAFDEA} = {33CE6AEF-EDE0-47E0-8986-DD74B1E7442E}
		{A918CB42-B216-45EA-B44A-57F77A921F4F} = {33CE6AEF-EDE0-47E0-8986-DD74B1E7442E}
		{91B6BD6B-3DD3-48D2-B364-9B556A154396} = {33CE6AEF-EDE0-47E0-8986-DD74B1E7442E}
		{75D79EE0-393C-4FB6-A30F-BC343B485B89} = {33CE6AEF-EDE0-47E0-8986-DD74B1E7442E}
		{4DB40DB4-40A8-4E74-A9FC-53FC06BFCA09} = {33CE6AEF-EDE0-47E0-8986-DD74B1E7442E}
		{25CAE9D8-871C-4E6B-9279-7945CD76C55D} = {33CE6AEF-EDE0-47E0-8986-DD74B1E7442E}
		{A4D6BF8B-5110-4CD2-A859-66D9305943D1} = {33CE6AEF-EDE0-47E0-8986-DD74B1E7442E}
		{7C6EC3BC-B8BE-4D3B-9B51-5556F12FF26E} = {33CE6AEF-EDE0-47E0-8986-DD74B1E7442E}
		{A87D358D-5336-4E44-9307-A45703A092EA} = {33CE6AEF-EDE0-47E0-8986-DD74B1E7442E}
	EndGlobalSection
EndGlobal
